// !$*UTF8*$!
{
	archiveVersion = 1;
	classes = {
	};
	objectVersion = 50;
	objects = {

/* Begin PBXBuildFile section */
		3420CEA524CA003800F4B64D /* AppDelegate.swift in Sources */ = {isa = PBXBuildFile; fileRef = 3420CEA424CA003800F4B64D /* AppDelegate.swift */; };
		3420CEA724CA003800F4B64D /* SceneDelegate.swift in Sources */ = {isa = PBXBuildFile; fileRef = 3420CEA624CA003800F4B64D /* SceneDelegate.swift */; };
		3420CEA924CA003800F4B64D /* ContentView.swift in Sources */ = {isa = PBXBuildFile; fileRef = 3420CEA824CA003800F4B64D /* ContentView.swift */; };
		3420CEAB24CA003A00F4B64D /* Assets.xcassets in Resources */ = {isa = PBXBuildFile; fileRef = 3420CEAA24CA003A00F4B64D /* Assets.xcassets */; };
		3420CEAE24CA003A00F4B64D /* Preview Assets.xcassets in Resources */ = {isa = PBXBuildFile; fileRef = 3420CEAD24CA003A00F4B64D /* Preview Assets.xcassets */; };
		3420CEB124CA003A00F4B64D /* LaunchScreen.storyboard in Resources */ = {isa = PBXBuildFile; fileRef = 3420CEAF24CA003A00F4B64D /* LaunchScreen.storyboard */; };
		3420CEB924CA009300F4B64D /* HomePage.swift in Sources */ = {isa = PBXBuildFile; fileRef = 3420CEB824CA009300F4B64D /* HomePage.swift */; };
		3420CEBB24CA00AB00F4B64D /* PostingView.swift in Sources */ = {isa = PBXBuildFile; fileRef = 3420CEBA24CA00AB00F4B64D /* PostingView.swift */; };
		3420CEBD24CA00D200F4B64D /* ExplorePage.swift in Sources */ = {isa = PBXBuildFile; fileRef = 3420CEBC24CA00D200F4B64D /* ExplorePage.swift */; };
		3420CEBF24CA00EB00F4B64D /* NotificationView.swift in Sources */ = {isa = PBXBuildFile; fileRef = 3420CEBE24CA00EB00F4B64D /* NotificationView.swift */; };
		3420CEC124CA010500F4B64D /* SettingsPage.swift in Sources */ = {isa = PBXBuildFile; fileRef = 3420CEC024CA010500F4B64D /* SettingsPage.swift */; };
		3420CEC324CA012700F4B64D /* ProfilePage.swift in Sources */ = {isa = PBXBuildFile; fileRef = 3420CEC224CA012700F4B64D /* ProfilePage.swift */; };
		3420CECA24CA029400F4B64D /* PostCell.swift in Sources */ = {isa = PBXBuildFile; fileRef = 3420CEC924CA029400F4B64D /* PostCell.swift */; };
		3421DC8924CAC56D009F227A /* NotificationCell_Like.swift in Sources */ = {isa = PBXBuildFile; fileRef = 3421DC8824CAC56D009F227A /* NotificationCell_Like.swift */; };
		3421DC8B24CACA70009F227A /* ProfileHeaderView.swift in Sources */ = {isa = PBXBuildFile; fileRef = 3421DC8A24CACA70009F227A /* ProfileHeaderView.swift */; };
		3435AF5D24CA122000CC3F2F /* QGrid.swift in Sources */ = {isa = PBXBuildFile; fileRef = 3435AF5C24CA122000CC3F2F /* QGrid.swift */; };
		348EB31524CAE68200DB23FC /* LoginPage.swift in Sources */ = {isa = PBXBuildFile; fileRef = 348EB31424CAE68200DB23FC /* LoginPage.swift */; };
		34A0037224CAB2D50000BC9A /* MultilineTextView.swift in Sources */ = {isa = PBXBuildFile; fileRef = 34A0037124CAB2D50000BC9A /* MultilineTextView.swift */; };
		34A0037424CAB6E10000BC9A /* ImagePicker.swift in Sources */ = {isa = PBXBuildFile; fileRef = 34A0037324CAB6E10000BC9A /* ImagePicker.swift */; };
/* End PBXBuildFile section */

/* Begin PBXFileReference section */
		3420CEA124CA003700F4B64D /* Memestagram.app */ = {isa = PBXFileReference; explicitFileType = wrapper.application; includeInIndex = 0; path = Memestagram.app; sourceTree = BUILT_PRODUCTS_DIR; };
		3420CEA424CA003800F4B64D /* AppDelegate.swift */ = {isa = PBXFileReference; lastKnownFileType = sourcecode.swift; path = AppDelegate.swift; sourceTree = "<group>"; };
		3420CEA624CA003800F4B64D /* SceneDelegate.swift */ = {isa = PBXFileReference; lastKnownFileType = sourcecode.swift; path = SceneDelegate.swift; sourceTree = "<group>"; };
		3420CEA824CA003800F4B64D /* ContentView.swift */ = {isa = PBXFileReference; lastKnownFileType = sourcecode.swift; path = ContentView.swift; sourceTree = "<group>"; };
		3420CEAA24CA003A00F4B64D /* Assets.xcassets */ = {isa = PBXFileReference; lastKnownFileType = folder.assetcatalog; path = Assets.xcassets; sourceTree = "<group>"; };
		3420CEAD24CA003A00F4B64D /* Preview Assets.xcassets */ = {isa = PBXFileReference; lastKnownFileType = folder.assetcatalog; path = "Preview Assets.xcassets"; sourceTree = "<group>"; };
		3420CEB024CA003A00F4B64D /* Base */ = {isa = PBXFileReference; lastKnownFileType = file.storyboard; name = Base; path = Base.lproj/LaunchScreen.storyboard; sourceTree = "<group>"; };
		3420CEB224CA003A00F4B64D /* Info.plist */ = {isa = PBXFileReference; lastKnownFileType = text.plist.xml; path = Info.plist; sourceTree = "<group>"; };
		3420CEB824CA009300F4B64D /* HomePage.swift */ = {isa = PBXFileReference; lastKnownFileType = sourcecode.swift; path = HomePage.swift; sourceTree = "<group>"; };
		3420CEBA24CA00AB00F4B64D /* PostingView.swift */ = {isa = PBXFileReference; lastKnownFileType = sourcecode.swift; path = PostingView.swift; sourceTree = "<group>"; };
		3420CEBC24CA00D200F4B64D /* ExplorePage.swift */ = {isa = PBXFileReference; lastKnownFileType = sourcecode.swift; path = ExplorePage.swift; sourceTree = "<group>"; };
		3420CEBE24CA00EB00F4B64D /* NotificationView.swift */ = {isa = PBXFileReference; lastKnownFileType = sourcecode.swift; path = NotificationView.swift; sourceTree = "<group>"; };
		3420CEC024CA010500F4B64D /* SettingsPage.swift */ = {isa = PBXFileReference; lastKnownFileType = sourcecode.swift; path = SettingsPage.swift; sourceTree = "<group>"; };
		3420CEC224CA012700F4B64D /* ProfilePage.swift */ = {isa = PBXFileReference; lastKnownFileType = sourcecode.swift; path = ProfilePage.swift; sourceTree = "<group>"; };
		3420CEC924CA029400F4B64D /* PostCell.swift */ = {isa = PBXFileReference; lastKnownFileType = sourcecode.swift; path = PostCell.swift; sourceTree = "<group>"; };
		3421DC8824CAC56D009F227A /* NotificationCell_Like.swift */ = {isa = PBXFileReference; lastKnownFileType = sourcecode.swift; path = NotificationCell_Like.swift; sourceTree = "<group>"; };
		3421DC8A24CACA70009F227A /* ProfileHeaderView.swift */ = {isa = PBXFileReference; lastKnownFileType = sourcecode.swift; path = ProfileHeaderView.swift; sourceTree = "<group>"; };
		3435AF5C24CA122000CC3F2F /* QGrid.swift */ = {isa = PBXFileReference; lastKnownFileType = sourcecode.swift; path = QGrid.swift; sourceTree = "<group>"; };
		348EB31424CAE68200DB23FC /* LoginPage.swift */ = {isa = PBXFileReference; lastKnownFileType = sourcecode.swift; path = LoginPage.swift; sourceTree = "<group>"; };
		34A0037124CAB2D50000BC9A /* MultilineTextView.swift */ = {isa = PBXFileReference; lastKnownFileType = sourcecode.swift; path = MultilineTextView.swift; sourceTree = "<group>"; };
		34A0037324CAB6E10000BC9A /* ImagePicker.swift */ = {isa = PBXFileReference; lastKnownFileType = sourcecode.swift; path = ImagePicker.swift; sourceTree = "<group>"; };
/* End PBXFileReference section */

/* Begin PBXFrameworksBuildPhase section */
		3420CE9E24CA003700F4B64D /* Frameworks */ = {
			isa = PBXFrameworksBuildPhase;
			buildActionMask = 2147483647;
			files = (
			);
			runOnlyForDeploymentPostprocessing = 0;
		};
/* End PBXFrameworksBuildPhase section */

/* Begin PBXGroup section */
		3420CE9824CA003700F4B64D = {
			isa = PBXGroup;
			children = (
				3420CEA324CA003700F4B64D /* Memestagram */,
				3420CEA224CA003700F4B64D /* Products */,
			);
			sourceTree = "<group>";
		};
		3420CEA224CA003700F4B64D /* Products */ = {
			isa = PBXGroup;
			children = (
				3420CEA124CA003700F4B64D /* Memestagram.app */,
			);
			name = Products;
			sourceTree = "<group>";
		};
		3420CEA324CA003700F4B64D /* Memestagram */ = {
			isa = PBXGroup;
			children = (
				348EB31624CAE6A700DB23FC /* Login */,
				3420CEC424CA015200F4B64D /* Home */,
				3420CEC524CA016500F4B64D /* Explore */,
				3420CEC724CA017A00F4B64D /* Posting */,
				3420CEC824CA018400F4B64D /* Notification */,
				3420CEC624CA016B00F4B64D /* Profile */,
				3420CEA424CA003800F4B64D /* AppDelegate.swift */,
				3420CEA624CA003800F4B64D /* SceneDelegate.swift */,
				3420CEA824CA003800F4B64D /* ContentView.swift */,
				3420CEAA24CA003A00F4B64D /* Assets.xcassets */,
				3420CEAF24CA003A00F4B64D /* LaunchScreen.storyboard */,
				3420CEB224CA003A00F4B64D /* Info.plist */,
				3420CEAC24CA003A00F4B64D /* Preview Content */,
			);
			path = Memestagram;
			sourceTree = "<group>";
		};
		3420CEAC24CA003A00F4B64D /* Preview Content */ = {
			isa = PBXGroup;
			children = (
				3420CEAD24CA003A00F4B64D /* Preview Assets.xcassets */,
			);
			path = "Preview Content";
			sourceTree = "<group>";
		};
		3420CEC424CA015200F4B64D /* Home */ = {
			isa = PBXGroup;
			children = (
				3420CEB824CA009300F4B64D /* HomePage.swift */,
				3420CEC924CA029400F4B64D /* PostCell.swift */,
			);
			path = Home;
			sourceTree = "<group>";
		};
		3420CEC524CA016500F4B64D /* Explore */ = {
			isa = PBXGroup;
			children = (
				3420CEBC24CA00D200F4B64D /* ExplorePage.swift */,
				3435AF5C24CA122000CC3F2F /* QGrid.swift */,
			);
			path = Explore;
			sourceTree = "<group>";
		};
		3420CEC624CA016B00F4B64D /* Profile */ = {
			isa = PBXGroup;
			children = (
				3420CEC224CA012700F4B64D /* ProfilePage.swift */,
				3420CEC024CA010500F4B64D /* SettingsPage.swift */,
				3421DC8A24CACA70009F227A /* ProfileHeaderView.swift */,
			);
			path = Profile;
			sourceTree = "<group>";
		};
		3420CEC724CA017A00F4B64D /* Posting */ = {
			isa = PBXGroup;
			children = (
				3420CEBA24CA00AB00F4B64D /* PostingView.swift */,
				34A0037124CAB2D50000BC9A /* MultilineTextView.swift */,
				34A0037324CAB6E10000BC9A /* ImagePicker.swift */,
			);
			path = Posting;
			sourceTree = "<group>";
		};
		3420CEC824CA018400F4B64D /* Notification */ = {
			isa = PBXGroup;
			children = (
				3420CEBE24CA00EB00F4B64D /* NotificationView.swift */,
				3421DC8824CAC56D009F227A /* NotificationCell_Like.swift */,
			);
			path = Notification;
			sourceTree = "<group>";
		};
		348EB31624CAE6A700DB23FC /* Login */ = {
			isa = PBXGroup;
			children = (
				348EB31424CAE68200DB23FC /* LoginPage.swift */,
			);
			path = Login;
			sourceTree = "<group>";
		};
/* End PBXGroup section */

/* Begin PBXNativeTarget section */
		3420CEA024CA003700F4B64D /* Memestagram */ = {
			isa = PBXNativeTarget;
			buildConfigurationList = 3420CEB524CA003A00F4B64D /* Build configuration list for PBXNativeTarget "Memestagram" */;
			buildPhases = (
				3420CE9D24CA003700F4B64D /* Sources */,
				3420CE9E24CA003700F4B64D /* Frameworks */,
				3420CE9F24CA003700F4B64D /* Resources */,
			);
			buildRules = (
			);
			dependencies = (
			);
			name = Memestagram;
			productName = Memestagram;
			productReference = 3420CEA124CA003700F4B64D /* Memestagram.app */;
			productType = "com.apple.product-type.application";
		};
/* End PBXNativeTarget section */

/* Begin PBXProject section */
		3420CE9924CA003700F4B64D /* Project object */ = {
			isa = PBXProject;
			attributes = {
				LastSwiftUpdateCheck = 1150;
				LastUpgradeCheck = 1150;
				ORGANIZATIONNAME = NT;
				TargetAttributes = {
					3420CEA024CA003700F4B64D = {
						CreatedOnToolsVersion = 11.5;
					};
				};
			};
			buildConfigurationList = 3420CE9C24CA003700F4B64D /* Build configuration list for PBXProject "Memestagram" */;
			compatibilityVersion = "Xcode 9.3";
			developmentRegion = en;
			hasScannedForEncodings = 0;
			knownRegions = (
				en,
				Base,
			);
			mainGroup = 3420CE9824CA003700F4B64D;
			productRefGroup = 3420CEA224CA003700F4B64D /* Products */;
			projectDirPath = "";
			projectRoot = "";
			targets = (
				3420CEA024CA003700F4B64D /* Memestagram */,
			);
		};
/* End PBXProject section */

/* Begin PBXResourcesBuildPhase section */
		3420CE9F24CA003700F4B64D /* Resources */ = {
			isa = PBXResourcesBuildPhase;
			buildActionMask = 2147483647;
			files = (
				3420CEB124CA003A00F4B64D /* LaunchScreen.storyboard in Resources */,
				3420CEAE24CA003A00F4B64D /* Preview Assets.xcassets in Resources */,
				3420CEAB24CA003A00F4B64D /* Assets.xcassets in Resources */,
			);
			runOnlyForDeploymentPostprocessing = 0;
		};
/* End PBXResourcesBuildPhase section */

/* Begin PBXSourcesBuildPhase section */
		3420CE9D24CA003700F4B64D /* Sources */ = {
			isa = PBXSourcesBuildPhase;
			buildActionMask = 2147483647;
			files = (
				348EB31524CAE68200DB23FC /* LoginPage.swift in Sources */,
				34A0037424CAB6E10000BC9A /* ImagePicker.swift in Sources */,
				3420CEC324CA012700F4B64D /* ProfilePage.swift in Sources */,
				34A0037224CAB2D50000BC9A /* MultilineTextView.swift in Sources */,
				3420CEA524CA003800F4B64D /* AppDelegate.swift in Sources */,
				3420CEA724CA003800F4B64D /* SceneDelegate.swift in Sources */,
				3420CEBD24CA00D200F4B64D /* ExplorePage.swift in Sources */,
				3420CEC124CA010500F4B64D /* SettingsPage.swift in Sources */,
				3420CEA924CA003800F4B64D /* ContentView.swift in Sources */,
				3420CEBB24CA00AB00F4B64D /* PostingView.swift in Sources */,
				3420CEBF24CA00EB00F4B64D /* NotificationView.swift in Sources */,
				3421DC8B24CACA70009F227A /* ProfileHeaderView.swift in Sources */,
				3435AF5D24CA122000CC3F2F /* QGrid.swift in Sources */,
				3420CEB924CA009300F4B64D /* HomePage.swift in Sources */,
				3420CECA24CA029400F4B64D /* PostCell.swift in Sources */,
				3421DC8924CAC56D009F227A /* NotificationCell_Like.swift in Sources */,
			);
			runOnlyForDeploymentPostprocessing = 0;
		};
/* End PBXSourcesBuildPhase section */

/* Begin PBXVariantGroup section */
		3420CEAF24CA003A00F4B64D /* LaunchScreen.storyboard */ = {
			isa = PBXVariantGroup;
			children = (
				3420CEB024CA003A00F4B64D /* Base */,
			);
			name = LaunchScreen.storyboard;
			sourceTree = "<group>";
		};
/* End PBXVariantGroup section */

/* Begin XCBuildConfiguration section */
		3420CEB324CA003A00F4B64D /* Debug */ = {
			isa = XCBuildConfiguration;
			buildSettings = {
				ALWAYS_SEARCH_USER_PATHS = NO;
				CLANG_ANALYZER_NONNULL = YES;
				CLANG_ANALYZER_NUMBER_OBJECT_CONVERSION = YES_AGGRESSIVE;
				CLANG_CXX_LANGUAGE_STANDARD = "gnu++14";
				CLANG_CXX_LIBRARY = "libc++";
				CLANG_ENABLE_MODULES = YES;
				CLANG_ENABLE_OBJC_ARC = YES;
				CLANG_ENABLE_OBJC_WEAK = YES;
				CLANG_WARN_BLOCK_CAPTURE_AUTORELEASING = YES;
				CLANG_WARN_BOOL_CONVERSION = YES;
				CLANG_WARN_COMMA = YES;
				CLANG_WARN_CONSTANT_CONVERSION = YES;
				CLANG_WARN_DEPRECATED_OBJC_IMPLEMENTATIONS = YES;
				CLANG_WARN_DIRECT_OBJC_ISA_USAGE = YES_ERROR;
				CLANG_WARN_DOCUMENTATION_COMMENTS = YES;
				CLANG_WARN_EMPTY_BODY = YES;
				CLANG_WARN_ENUM_CONVERSION = YES;
				CLANG_WARN_INFINITE_RECURSION = YES;
				CLANG_WARN_INT_CONVERSION = YES;
				CLANG_WARN_NON_LITERAL_NULL_CONVERSION = YES;
				CLANG_WARN_OBJC_IMPLICIT_RETAIN_SELF = YES;
				CLANG_WARN_OBJC_LITERAL_CONVERSION = YES;
				CLANG_WARN_OBJC_ROOT_CLASS = YES_ERROR;
				CLANG_WARN_RANGE_LOOP_ANALYSIS = YES;
				CLANG_WARN_STRICT_PROTOTYPES = YES;
				CLANG_WARN_SUSPICIOUS_MOVE = YES;
				CLANG_WARN_UNGUARDED_AVAILABILITY = YES_AGGRESSIVE;
				CLANG_WARN_UNREACHABLE_CODE = YES;
				CLANG_WARN__DUPLICATE_METHOD_MATCH = YES;
				COPY_PHASE_STRIP = NO;
				DEBUG_INFORMATION_FORMAT = dwarf;
				ENABLE_STRICT_OBJC_MSGSEND = YES;
				ENABLE_TESTABILITY = YES;
				GCC_C_LANGUAGE_STANDARD = gnu11;
				GCC_DYNAMIC_NO_PIC = NO;
				GCC_NO_COMMON_BLOCKS = YES;
				GCC_OPTIMIZATION_LEVEL = 0;
				GCC_PREPROCESSOR_DEFINITIONS = (
					"DEBUG=1",
					"$(inherited)",
				);
				GCC_WARN_64_TO_32_BIT_CONVERSION = YES;
				GCC_WARN_ABOUT_RETURN_TYPE = YES_ERROR;
				GCC_WARN_UNDECLARED_SELECTOR = YES;
				GCC_WARN_UNINITIALIZED_AUTOS = YES_AGGRESSIVE;
				GCC_WARN_UNUSED_FUNCTION = YES;
				GCC_WARN_UNUSED_VARIABLE = YES;
				IPHONEOS_DEPLOYMENT_TARGET = 13.5;
				MTL_ENABLE_DEBUG_INFO = INCLUDE_SOURCE;
				MTL_FAST_MATH = YES;
				ONLY_ACTIVE_ARCH = YES;
				SDKROOT = iphoneos;
				SWIFT_ACTIVE_COMPILATION_CONDITIONS = DEBUG;
				SWIFT_OPTIMIZATION_LEVEL = "-Onone";
			};
			name = Debug;
		};
		3420CEB424CA003A00F4B64D /* Release */ = {
			isa = XCBuildConfiguration;
			buildSettings = {
				ALWAYS_SEARCH_USER_PATHS = NO;
				CLANG_ANALYZER_NONNULL = YES;
				CLANG_ANALYZER_NUMBER_OBJECT_CONVERSION = YES_AGGRESSIVE;
				CLANG_CXX_LANGUAGE_STANDARD = "gnu++14";
				CLANG_CXX_LIBRARY = "libc++";
				CLANG_ENABLE_MODULES = YES;
				CLANG_ENABLE_OBJC_ARC = YES;
				CLANG_ENABLE_OBJC_WEAK = YES;
				CLANG_WARN_BLOCK_CAPTURE_AUTORELEASING = YES;
				CLANG_WARN_BOOL_CONVERSION = YES;
				CLANG_WARN_COMMA = YES;
				CLANG_WARN_CONSTANT_CONVERSION = YES;
				CLANG_WARN_DEPRECATED_OBJC_IMPLEMENTATIONS = YES;
				CLANG_WARN_DIRECT_OBJC_ISA_USAGE = YES_ERROR;
				CLANG_WARN_DOCUMENTATION_COMMENTS = YES;
				CLANG_WARN_EMPTY_BODY = YES;
				CLANG_WARN_ENUM_CONVERSION = YES;
				CLANG_WARN_INFINITE_RECURSION = YES;
				CLANG_WARN_INT_CONVERSION = YES;
				CLANG_WARN_NON_LITERAL_NULL_CONVERSION = YES;
				CLANG_WARN_OBJC_IMPLICIT_RETAIN_SELF = YES;
				CLANG_WARN_OBJC_LITERAL_CONVERSION = YES;
				CLANG_WARN_OBJC_ROOT_CLASS = YES_ERROR;
				CLANG_WARN_RANGE_LOOP_ANALYSIS = YES;
				CLANG_WARN_STRICT_PROTOTYPES = YES;
				CLANG_WARN_SUSPICIOUS_MOVE = YES;
				CLANG_WARN_UNGUARDED_AVAILABILITY = YES_AGGRESSIVE;
				CLANG_WARN_UNREACHABLE_CODE = YES;
				CLANG_WARN__DUPLICATE_METHOD_MATCH = YES;
				COPY_PHASE_STRIP = NO;
				DEBUG_INFORMATION_FORMAT = "dwarf-with-dsym";
				ENABLE_NS_ASSERTIONS = NO;
				ENABLE_STRICT_OBJC_MSGSEND = YES;
				GCC_C_LANGUAGE_STANDARD = gnu11;
				GCC_NO_COMMON_BLOCKS = YES;
				GCC_WARN_64_TO_32_BIT_CONVERSION = YES;
				GCC_WARN_ABOUT_RETURN_TYPE = YES_ERROR;
				GCC_WARN_UNDECLARED_SELECTOR = YES;
				GCC_WARN_UNINITIALIZED_AUTOS = YES_AGGRESSIVE;
				GCC_WARN_UNUSED_FUNCTION = YES;
				GCC_WARN_UNUSED_VARIABLE = YES;
				IPHONEOS_DEPLOYMENT_TARGET = 13.5;
				MTL_ENABLE_DEBUG_INFO = NO;
				MTL_FAST_MATH = YES;
				SDKROOT = iphoneos;
				SWIFT_COMPILATION_MODE = wholemodule;
				SWIFT_OPTIMIZATION_LEVEL = "-O";
				VALIDATE_PRODUCT = YES;
			};
			name = Release;
		};
		3420CEB624CA003A00F4B64D /* Debug */ = {
			isa = XCBuildConfiguration;
			buildSettings = {
				ASSETCATALOG_COMPILER_APPICON_NAME = AppIcon;
				CODE_SIGN_STYLE = Automatic;
				DEVELOPMENT_ASSET_PATHS = "\"Memestagram/Preview Content\"";
				DEVELOPMENT_TEAM = N38EC3HSGY;
				ENABLE_PREVIEWS = YES;
				INFOPLIST_FILE = Memestagram/Info.plist;
				LD_RUNPATH_SEARCH_PATHS = (
					"$(inherited)",
					"@executable_path/Frameworks",
				);
				PRODUCT_BUNDLE_IDENTIFIER = com.nirajtiwari.Memestagram;
				PRODUCT_NAME = "$(TARGET_NAME)";
				SWIFT_VERSION = 5.0;
				TARGETED_DEVICE_FAMILY = "1,2";
			};
			name = Debug;
		};
		3420CEB724CA003A00F4B64D /* Release */ = {
			isa = XCBuildConfiguration;
			buildSettings = {
				ASSETCATALOG_COMPILER_APPICON_NAME = AppIcon;
				CODE_SIGN_STYLE = Automatic;
				DEVELOPMENT_ASSET_PATHS = "\"Memestagram/Preview Content\"";
				DEVELOPMENT_TEAM = N38EC3HSGY;
				ENABLE_PREVIEWS = YES;
				INFOPLIST_FILE = Memestagram/Info.plist;
				LD_RUNPATH_SEARCH_PATHS = (
					"$(inherited)",
					"@executable_path/Frameworks",
				);
				PRODUCT_BUNDLE_IDENTIFIER = com.nirajtiwari.Memestagram;
				PRODUCT_NAME = "$(TARGET_NAME)";
				SWIFT_VERSION = 5.0;
				TARGETED_DEVICE_FAMILY = "1,2";
			};
			name = Release;
		};
/* End XCBuildConfiguration section */

/* Begin XCConfigurationList section */
		3420CE9C24CA003700F4B64D /* Build configuration list for PBXProject "Memestagram" */ = {
			isa = XCConfigurationList;
			buildConfigurations = (
				3420CEB324CA003A00F4B64D /* Debug */,
				3420CEB424CA003A00F4B64D /* Release */,
			);
			defaultConfigurationIsVisible = 0;
			defaultConfigurationName = Release;
		};
		3420CEB524CA003A00F4B64D /* Build configuration list for PBXNativeTarget "Memestagram" */ = {
			isa = XCConfigurationList;
			buildConfigurations = (
				3420CEB624CA003A00F4B64D /* Debug */,
				3420CEB724CA003A00F4B64D /* Release */,
			);
			defaultConfigurationIsVisible = 0;
			defaultConfigurationName = Release;
		};
/* End XCConfigurationList section */
	};
	rootObject = 3420CE9924CA003700F4B64D /* Project object */;
}
